
Microsoft Visual Studio Solution File, Format Version 12.00
# Visual Studio Version 17
VisualStudioVersion = 17.10.35013.160
MinimumVisualStudioVersion = 10.0.40219.1
Project("{9A19103F-16F7-4668-BE54-9A1E7A4F7556}") = "BulkyWeb", "BulkyWeb\BulkyWeb.csproj", "{7EE0B2B0-8092-40EE-869D-F5A3DB352452}"
EndProject
Project("{9A19103F-16F7-4668-BE54-9A1E7A4F7556}") = "BulkyWebRazor_Temp", "BulkyWebRazor_Temp\BulkyWebRazor_Temp.csproj", "{11851B14-36B7-48C3-85C8-46B828A153F7}"
EndProject
Project("{9A19103F-16F7-4668-BE54-9A1E7A4F7556}") = "Bulky.DataAccess", "Bulky.DataAccess\Bulky.DataAccess.csproj", "{7BE7E3A2-93FA-4A40-8EB7-208B319B8A6C}"
EndProject
Project("{9A19103F-16F7-4668-BE54-9A1E7A4F7556}") = "Bulky.Models", "Bulky.Models\Bulky.Models.csproj", "{7CABEE4D-DDF6-4499-BA28-244867BDCF17}"
EndProject
Project("{9A19103F-16F7-4668-BE54-9A1E7A4F7556}") = "Bulky.Utility", "Bulky.Utility\Bulky.Utility.csproj", "{2DEAB863-4622-44ED-9385-8713D538D24C}"
EndProject
Global
	GlobalSection(SolutionConfigurationPlatforms) = preSolution
		Debug|Any CPU = Debug|Any CPU
		Release|Any CPU = Release|Any CPU
	EndGlobalSection
	GlobalSection(ProjectConfigurationPlatforms) = postSolution
		{7EE0B2B0-8092-40EE-869D-F5A3DB352452}.Debug|Any CPU.ActiveCfg = Debug|Any CPU
		{7EE0B2B0-8092-40EE-869D-F5A3DB352452}.Debug|Any CPU.Build.0 = Debug|Any CPU
		{7EE0B2B0-8092-40EE-869D-F5A3DB352452}.Release|Any CPU.ActiveCfg = Release|Any CPU
		{7EE0B2B0-8092-40EE-869D-F5A3DB352452}.Release|Any CPU.Build.0 = Release|Any CPU
		{11851B14-36B7-48C3-85C8-46B828A153F7}.Debug|Any CPU.ActiveCfg = Debug|Any CPU
		{11851B14-36B7-48C3-85C8-46B828A153F7}.Debug|Any CPU.Build.0 = Debug|Any CPU
		{11851B14-36B7-48C3-85C8-46B828A153F7}.Release|Any CPU.ActiveCfg = Release|Any CPU
		{11851B14-36B7-48C3-85C8-46B828A153F7}.Release|Any CPU.Build.0 = Release|Any CPU
		{7BE7E3A2-93FA-4A40-8EB7-208B319B8A6C}.Debug|Any CPU.ActiveCfg = Debug|Any CPU
		{7BE7E3A2-93FA-4A40-8EB7-208B319B8A6C}.Debug|Any CPU.Build.0 = Debug|Any CPU
		{7BE7E3A2-93FA-4A40-8EB7-208B319B8A6C}.Release|Any CPU.ActiveCfg = Release|Any CPU
		{7BE7E3A2-93FA-4A40-8EB7-208B319B8A6C}.Release|Any CPU.Build.0 = Release|Any CPU
		{7CABEE4D-DDF6-4499-BA28-244867BDCF17}.Debug|Any CPU.ActiveCfg = Debug|Any CPU
		{7CABEE4D-DDF6-4499-BA28-244867BDCF17}.Debug|Any CPU.Build.0 = Debug|Any CPU
		{7CABEE4D-DDF6-4499-BA28-244867BDCF17}.Release|Any CPU.ActiveCfg = Release|Any CPU
		{7CABEE4D-DDF6-4499-BA28-244867BDCF17}.Release|Any CPU.Build.0 = Release|Any CPU
		{2DEAB863-4622-44ED-9385-8713D538D24C}.Debug|Any CPU.ActiveCfg = Debug|Any CPU
		{2DEAB863-4622-44ED-9385-8713D538D24C}.Debug|Any CPU.Build.0 = Debug|Any CPU
		{2DEAB863-4622-44ED-9385-8713D538D24C}.Release|Any CPU.ActiveCfg = Release|Any CPU
		{2DEAB863-4622-44ED-9385-8713D538D24C}.Release|Any CPU.Build.0 = Release|Any CPU
	EndGlobalSection
	GlobalSection(SolutionProperties) = preSolution
		HideSolutionNode = FALSE
	EndGlobalSection
	GlobalSection(ExtensibilityGlobals) = postSolution
		SolutionGuid = {1246BD00-AF5D-4E7A-BFAA-8D829B7547BD}
	EndGlobalSection
EndGlobal
